
Microsoft Visual Studio Solution File, Format Version 12.00
Project("{FAE04EC0-301F-11D3-BF4B-00C04F79EFBC}") = "example2-2", "example2-2\example2-2.csproj", "{D751E4F0-3443-4328-82A0-910C7872303E}"
EndProject
Global
	GlobalSection(SolutionConfigurationPlatforms) = preSolution
		Debug|Any CPU = Debug|Any CPU
		Release|Any CPU = Release|Any CPU
	EndGlobalSection
	GlobalSection(ProjectConfigurationPlatforms) = postSolution
		{D751E4F0-3443-4328-82A0-910C7872303E}.Debug|Any CPU.ActiveCfg = Debug|Any CPU
		{D751E4F0-3443-4328-82A0-910C7872303E}.Debug|Any CPU.Build.0 = Debug|Any CPU
		{D751E4F0-3443-4328-82A0-910C7872303E}.Release|Any CPU.ActiveCfg = Release|Any CPU
		{D751E4F0-3443-4328-82A0-910C7872303E}.Release|Any CPU.Build.0 = Release|Any CPU
	EndGlobalSection
EndGlobal
