
Microsoft Visual Studio Solution File, Format Version 12.00
Project("{FAE04EC0-301F-11D3-BF4B-00C04F79EFBC}") = "example4-1", "example4-1\example4-1.csproj", "{927A0672-1A63-441A-94F5-E2025C05F7AA}"
EndProject
Global
	GlobalSection(SolutionConfigurationPlatforms) = preSolution
		Debug|Any CPU = Debug|Any CPU
		Release|Any CPU = Release|Any CPU
	EndGlobalSection
	GlobalSection(ProjectConfigurationPlatforms) = postSolution
		{927A0672-1A63-441A-94F5-E2025C05F7AA}.Debug|Any CPU.ActiveCfg = Debug|Any CPU
		{927A0672-1A63-441A-94F5-E2025C05F7AA}.Debug|Any CPU.Build.0 = Debug|Any CPU
		{927A0672-1A63-441A-94F5-E2025C05F7AA}.Release|Any CPU.ActiveCfg = Release|Any CPU
		{927A0672-1A63-441A-94F5-E2025C05F7AA}.Release|Any CPU.Build.0 = Release|Any CPU
	EndGlobalSection
EndGlobal
