
Microsoft Visual Studio Solution File, Format Version 12.00
Project("{FAE04EC0-301F-11D3-BF4B-00C04F79EFBC}") = "example5", "example5\example5.csproj", "{A010C24D-03F9-4427-A1CA-AEF6FC658D92}"
EndProject
Global
	GlobalSection(SolutionConfigurationPlatforms) = preSolution
		Debug|Any CPU = Debug|Any CPU
		Release|Any CPU = Release|Any CPU
	EndGlobalSection
	GlobalSection(ProjectConfigurationPlatforms) = postSolution
		{A010C24D-03F9-4427-A1CA-AEF6FC658D92}.Debug|Any CPU.ActiveCfg = Debug|Any CPU
		{A010C24D-03F9-4427-A1CA-AEF6FC658D92}.Debug|Any CPU.Build.0 = Debug|Any CPU
		{A010C24D-03F9-4427-A1CA-AEF6FC658D92}.Release|Any CPU.ActiveCfg = Release|Any CPU
		{A010C24D-03F9-4427-A1CA-AEF6FC658D92}.Release|Any CPU.Build.0 = Release|Any CPU
	EndGlobalSection
EndGlobal
